
Microsoft Visual Studio Solution File, Format Version 12.00
# Visual Studio Version 16
VisualStudioVersion = 16.0.31112.23
MinimumVisualStudioVersion = 10.0.40219.1
Project("{FAE04EC0-301F-11D3-BF4B-00C04F79EFBC}") = "RabbitMQMessageApplication.Sender", "RabbitMQMessageApplication.Sender\RabbitMQMessageApplication.Sender.csproj", "{3E0361E4-448C-4392-B114-AF6D2415B350}"
EndProject
Project("{FAE04EC0-301F-11D3-BF4B-00C04F79EFBC}") = "RabbitMQMessageApplication.Receiver", "RabbitMQMessageApplication.Receiver\RabbitMQMessageApplication.Receiver.csproj", "{384B765F-4721-43EC-B8BF-84204179426E}"
EndProject
Global
	GlobalSection(SolutionConfigurationPlatforms) = preSolution
		Debug|Any CPU = Debug|Any CPU
		Release|Any CPU = Release|Any CPU
	EndGlobalSection
	GlobalSection(ProjectConfigurationPlatforms) = postSolution
		{3E0361E4-448C-4392-B114-AF6D2415B350}.Debug|Any CPU.ActiveCfg = Debug|Any CPU
		{3E0361E4-448C-4392-B114-AF6D2415B350}.Debug|Any CPU.Build.0 = Debug|Any CPU
		{3E0361E4-448C-4392-B114-AF6D2415B350}.Release|Any CPU.ActiveCfg = Release|Any CPU
		{3E0361E4-448C-4392-B114-AF6D2415B350}.Release|Any CPU.Build.0 = Release|Any CPU
		{384B765F-4721-43EC-B8BF-84204179426E}.Debug|Any CPU.ActiveCfg = Debug|Any CPU
		{384B765F-4721-43EC-B8BF-84204179426E}.Debug|Any CPU.Build.0 = Debug|Any CPU
		{384B765F-4721-43EC-B8BF-84204179426E}.Release|Any CPU.ActiveCfg = Release|Any CPU
		{384B765F-4721-43EC-B8BF-84204179426E}.Release|Any CPU.Build.0 = Release|Any CPU
	EndGlobalSection
	GlobalSection(SolutionProperties) = preSolution
		HideSolutionNode = FALSE
	EndGlobalSection
	GlobalSection(ExtensibilityGlobals) = postSolution
		SolutionGuid = {8FBEE521-D10A-4257-8F9B-E8FC2A49C1E2}
	EndGlobalSection
EndGlobal
